// !$*UTF8*$!
{
	archiveVersion = 1;
	classes = {
	};
	objectVersion = 56;
	objects = {

/* Begin PBXBuildFile section */
		C6709F872BE15A6A00C63C2F /* AppDelegate.m in Sources */ = {isa = PBXBuildFile; fileRef = C6709F862BE15A6A00C63C2F /* AppDelegate.m */; };
		C6709F8A2BE15A6A00C63C2F /* SceneDelegate.m in Sources */ = {isa = PBXBuildFile; fileRef = C6709F892BE15A6A00C63C2F /* SceneDelegate.m */; };
		C6709F8D2BE15A6A00C63C2F /* ViewController.m in Sources */ = {isa = PBXBuildFile; fileRef = C6709F8C2BE15A6A00C63C2F /* ViewController.m */; };
		C6709F902BE15A6A00C63C2F /* Main.storyboard in Resources */ = {isa = PBXBuildFile; fileRef = C6709F8E2BE15A6A00C63C2F /* Main.storyboard */; };
		C6709F922BE15A6C00C63C2F /* Assets.xcassets in Resources */ = {isa = PBXBuildFile; fileRef = C6709F912BE15A6C00C63C2F /* Assets.xcassets */; };
		C6709F952BE15A6C00C63C2F /* LaunchScreen.storyboard in Resources */ = {isa = PBXBuildFile; fileRef = C6709F932BE15A6C00C63C2F /* LaunchScreen.storyboard */; };
		C6709F982BE15A6C00C63C2F /* main.m in Sources */ = {isa = PBXBuildFile; fileRef = C6709F972BE15A6C00C63C2F /* main.m */; };
		C6709FA22BE15A6D00C63C2F /* Test_FileSystemTests.m in Sources */ = {isa = PBXBuildFile; fileRef = C6709FA12BE15A6D00C63C2F /* Test_FileSystemTests.m */; };
		C6709FAC2BE15A6D00C63C2F /* Test_FileSystemUITests.m in Sources */ = {isa = PBXBuildFile; fileRef = C6709FAB2BE15A6D00C63C2F /* Test_FileSystemUITests.m */; };
		C6709FAE2BE15A6D00C63C2F /* Test_FileSystemUITestsLaunchTests.m in Sources */ = {isa = PBXBuildFile; fileRef = C6709FAD2BE15A6D00C63C2F /* Test_FileSystemUITestsLaunchTests.m */; };
/* End PBXBuildFile section */

/* Begin PBXContainerItemProxy section */
		C6709F9E2BE15A6D00C63C2F /* PBXContainerItemProxy */ = {
			isa = PBXContainerItemProxy;
			containerPortal = C6709F7A2BE15A6A00C63C2F /* Project object */;
			proxyType = 1;
			remoteGlobalIDString = C6709F812BE15A6A00C63C2F;
			remoteInfo = "Test-FileSystem";
		};
		C6709FA82BE15A6D00C63C2F /* PBXContainerItemProxy */ = {
			isa = PBXContainerItemProxy;
			containerPortal = C6709F7A2BE15A6A00C63C2F /* Project object */;
			proxyType = 1;
			remoteGlobalIDString = C6709F812BE15A6A00C63C2F;
			remoteInfo = "Test-FileSystem";
		};
/* End PBXContainerItemProxy section */

/* Begin PBXFileReference section */
		C6709F822BE15A6A00C63C2F /* Test-FileSystem.app */ = {isa = PBXFileReference; explicitFileType = wrapper.application; includeInIndex = 0; path = "Test-FileSystem.app"; sourceTree = BUILT_PRODUCTS_DIR; };
		C6709F852BE15A6A00C63C2F /* AppDelegate.h */ = {isa = PBXFileReference; lastKnownFileType = sourcecode.c.h; path = AppDelegate.h; sourceTree = "<group>"; };
		C6709F862BE15A6A00C63C2F /* AppDelegate.m */ = {isa = PBXFileReference; lastKnownFileType = sourcecode.c.objc; path = AppDelegate.m; sourceTree = "<group>"; };
		C6709F882BE15A6A00C63C2F /* SceneDelegate.h */ = {isa = PBXFileReference; lastKnownFileType = sourcecode.c.h; path = SceneDelegate.h; sourceTree = "<group>"; };
		C6709F892BE15A6A00C63C2F /* SceneDelegate.m */ = {isa = PBXFileReference; lastKnownFileType = sourcecode.c.objc; path = SceneDelegate.m; sourceTree = "<group>"; };
		C6709F8B2BE15A6A00C63C2F /* ViewController.h */ = {isa = PBXFileReference; lastKnownFileType = sourcecode.c.h; path = ViewController.h; sourceTree = "<group>"; };
		C6709F8C2BE15A6A00C63C2F /* ViewController.m */ = {isa = PBXFileReference; lastKnownFileType = sourcecode.c.objc; path = ViewController.m; sourceTree = "<group>"; };
		C6709F8F2BE15A6A00C63C2F /* Base */ = {isa = PBXFileReference; lastKnownFileType = file.storyboard; name = Base; path = Base.lproj/Main.storyboard; sourceTree = "<group>"; };
		C6709F912BE15A6C00C63C2F /* Assets.xcassets */ = {isa = PBXFileReference; lastKnownFileType = folder.assetcatalog; path = Assets.xcassets; sourceTree = "<group>"; };
		C6709F942BE15A6C00C63C2F /* Base */ = {isa = PBXFileReference; lastKnownFileType = file.storyboard; name = Base; path = Base.lproj/LaunchScreen.storyboard; sourceTree = "<group>"; };
		C6709F962BE15A6C00C63C2F /* Info.plist */ = {isa = PBXFileReference; lastKnownFileType = text.plist.xml; path = Info.plist; sourceTree = "<group>"; };
		C6709F972BE15A6C00C63C2F /* main.m */ = {isa = PBXFileReference; lastKnownFileType = sourcecode.c.objc; path = main.m; sourceTree = "<group>"; };
		C6709F9D2BE15A6D00C63C2F /* Test-FileSystemTests.xctest */ = {isa = PBXFileReference; explicitFileType = wrapper.cfbundle; includeInIndex = 0; path = "Test-FileSystemTests.xctest"; sourceTree = BUILT_PRODUCTS_DIR; };
		C6709FA12BE15A6D00C63C2F /* Test_FileSystemTests.m */ = {isa = PBXFileReference; lastKnownFileType = sourcecode.c.objc; path = Test_FileSystemTests.m; sourceTree = "<group>"; };
		C6709FA72BE15A6D00C63C2F /* Test-FileSystemUITests.xctest */ = {isa = PBXFileReference; explicitFileType = wrapper.cfbundle; includeInIndex = 0; path = "Test-FileSystemUITests.xctest"; sourceTree = BUILT_PRODUCTS_DIR; };
		C6709FAB2BE15A6D00C63C2F /* Test_FileSystemUITests.m */ = {isa = PBXFileReference; lastKnownFileType = sourcecode.c.objc; path = Test_FileSystemUITests.m; sourceTree = "<group>"; };
		C6709FAD2BE15A6D00C63C2F /* Test_FileSystemUITestsLaunchTests.m */ = {isa = PBXFileReference; lastKnownFileType = sourcecode.c.objc; path = Test_FileSystemUITestsLaunchTests.m; sourceTree = "<group>"; };
/* End PBXFileReference section */

/* Begin PBXFrameworksBuildPhase section */
		C6709F7F2BE15A6A00C63C2F /* Frameworks */ = {
			isa = PBXFrameworksBuildPhase;
			buildActionMask = 2147483647;
			files = (
			);
			runOnlyForDeploymentPostprocessing = 0;
		};
		C6709F9A2BE15A6D00C63C2F /* Frameworks */ = {
			isa = PBXFrameworksBuildPhase;
			buildActionMask = 2147483647;
			files = (
			);
			runOnlyForDeploymentPostprocessing = 0;
		};
		C6709FA42BE15A6D00C63C2F /* Frameworks */ = {
			isa = PBXFrameworksBuildPhase;
			buildActionMask = 2147483647;
			files = (
			);
			runOnlyForDeploymentPostprocessing = 0;
		};
/* End PBXFrameworksBuildPhase section */

/* Begin PBXGroup section */
		C6709F792BE15A6A00C63C2F = {
			isa = PBXGroup;
			children = (
				C6709F842BE15A6A00C63C2F /* Test-FileSystem */,
				C6709FA02BE15A6D00C63C2F /* Test-FileSystemTests */,
				C6709FAA2BE15A6D00C63C2F /* Test-FileSystemUITests */,
				C6709F832BE15A6A00C63C2F /* Products */,
			);
			sourceTree = "<group>";
		};
		C6709F832BE15A6A00C63C2F /* Products */ = {
			isa = PBXGroup;
			children = (
				C6709F822BE15A6A00C63C2F /* Test-FileSystem.app */,
				C6709F9D2BE15A6D00C63C2F /* Test-FileSystemTests.xctest */,
				C6709FA72BE15A6D00C63C2F /* Test-FileSystemUITests.xctest */,
			);
			name = Products;
			sourceTree = "<group>";
		};
		C6709F842BE15A6A00C63C2F /* Test-FileSystem */ = {
			isa = PBXGroup;
			children = (
				C6709F852BE15A6A00C63C2F /* AppDelegate.h */,
				C6709F862BE15A6A00C63C2F /* AppDelegate.m */,
				C6709F882BE15A6A00C63C2F /* SceneDelegate.h */,
				C6709F892BE15A6A00C63C2F /* SceneDelegate.m */,
				C6709F8B2BE15A6A00C63C2F /* ViewController.h */,
				C6709F8C2BE15A6A00C63C2F /* ViewController.m */,
				C6709F8E2BE15A6A00C63C2F /* Main.storyboard */,
				C6709F912BE15A6C00C63C2F /* Assets.xcassets */,
				C6709F932BE15A6C00C63C2F /* LaunchScreen.storyboard */,
				C6709F962BE15A6C00C63C2F /* Info.plist */,
				C6709F972BE15A6C00C63C2F /* main.m */,
			);
			path = "Test-FileSystem";
			sourceTree = "<group>";
		};
		C6709FA02BE15A6D00C63C2F /* Test-FileSystemTests */ = {
			isa = PBXGroup;
			children = (
				C6709FA12BE15A6D00C63C2F /* Test_FileSystemTests.m */,
			);
			path = "Test-FileSystemTests";
			sourceTree = "<group>";
		};
		C6709FAA2BE15A6D00C63C2F /* Test-FileSystemUITests */ = {
			isa = PBXGroup;
			children = (
				C6709FAB2BE15A6D00C63C2F /* Test_FileSystemUITests.m */,
				C6709FAD2BE15A6D00C63C2F /* Test_FileSystemUITestsLaunchTests.m */,
			);
			path = "Test-FileSystemUITests";
			sourceTree = "<group>";
		};
/* End PBXGroup section */

/* Begin PBXNativeTarget section */
		C6709F812BE15A6A00C63C2F /* Test-FileSystem */ = {
			isa = PBXNativeTarget;
			buildConfigurationList = C6709FB12BE15A6D00C63C2F /* Build configuration list for PBXNativeTarget "Test-FileSystem" */;
			buildPhases = (
				C6709F7E2BE15A6A00C63C2F /* Sources */,
				C6709F7F2BE15A6A00C63C2F /* Frameworks */,
				C6709F802BE15A6A00C63C2F /* Resources */,
			);
			buildRules = (
			);
			dependencies = (
			);
			name = "Test-FileSystem";
			productName = "Test-FileSystem";
			productReference = C6709F822BE15A6A00C63C2F /* Test-FileSystem.app */;
			productType = "com.apple.product-type.application";
		};
		C6709F9C2BE15A6D00C63C2F /* Test-FileSystemTests */ = {
			isa = PBXNativeTarget;
			buildConfigurationList = C6709FB42BE15A6D00C63C2F /* Build configuration list for PBXNativeTarget "Test-FileSystemTests" */;
			buildPhases = (
				C6709F992BE15A6D00C63C2F /* Sources */,
				C6709F9A2BE15A6D00C63C2F /* Frameworks */,
				C6709F9B2BE15A6D00C63C2F /* Resources */,
			);
			buildRules = (
			);
			dependencies = (
				C6709F9F2BE15A6D00C63C2F /* PBXTargetDependency */,
			);
			name = "Test-FileSystemTests";
			productName = "Test-FileSystemTests";
			productReference = C6709F9D2BE15A6D00C63C2F /* Test-FileSystemTests.xctest */;
			productType = "com.apple.product-type.bundle.unit-test";
		};
		C6709FA62BE15A6D00C63C2F /* Test-FileSystemUITests */ = {
			isa = PBXNativeTarget;
			buildConfigurationList = C6709FB72BE15A6D00C63C2F /* Build configuration list for PBXNativeTarget "Test-FileSystemUITests" */;
			buildPhases = (
				C6709FA32BE15A6D00C63C2F /* Sources */,
				C6709FA42BE15A6D00C63C2F /* Frameworks */,
				C6709FA52BE15A6D00C63C2F /* Resources */,
			);
			buildRules = (
			);
			dependencies = (
				C6709FA92BE15A6D00C63C2F /* PBXTargetDependency */,
			);
			name = "Test-FileSystemUITests";
			productName = "Test-FileSystemUITests";
			productReference = C6709FA72BE15A6D00C63C2F /* Test-FileSystemUITests.xctest */;
			productType = "com.apple.product-type.bundle.ui-testing";
		};
/* End PBXNativeTarget section */

/* Begin PBXProject section */
		C6709F7A2BE15A6A00C63C2F /* Project object */ = {
			isa = PBXProject;
			attributes = {
				BuildIndependentTargetsInParallel = 1;
				LastUpgradeCheck = 1520;
				TargetAttributes = {
					C6709F812BE15A6A00C63C2F = {
						CreatedOnToolsVersion = 15.2;
					};
					C6709F9C2BE15A6D00C63C2F = {
						CreatedOnToolsVersion = 15.2;
						TestTargetID = C6709F812BE15A6A00C63C2F;
					};
					C6709FA62BE15A6D00C63C2F = {
						CreatedOnToolsVersion = 15.2;
						TestTargetID = C6709F812BE15A6A00C63C2F;
					};
				};
			};
			buildConfigurationList = C6709F7D2BE15A6A00C63C2F /* Build configuration list for PBXProject "Test-FileSystem" */;
			compatibilityVersion = "Xcode 14.0";
			developmentRegion = en;
			hasScannedForEncodings = 0;
			knownRegions = (
				en,
				Base,
			);
			mainGroup = C6709F792BE15A6A00C63C2F;
			productRefGroup = C6709F832BE15A6A00C63C2F /* Products */;
			projectDirPath = "";
			projectRoot = "";
			targets = (
				C6709F812BE15A6A00C63C2F /* Test-FileSystem */,
				C6709F9C2BE15A6D00C63C2F /* Test-FileSystemTests */,
				C6709FA62BE15A6D00C63C2F /* Test-FileSystemUITests */,
			);
		};
/* End PBXProject section */

/* Begin PBXResourcesBuildPhase section */
		C6709F802BE15A6A00C63C2F /* Resources */ = {
			isa = PBXResourcesBuildPhase;
			buildActionMask = 2147483647;
			files = (
				C6709F952BE15A6C00C63C2F /* LaunchScreen.storyboard in Resources */,
				C6709F922BE15A6C00C63C2F /* Assets.xcassets in Resources */,
				C6709F902BE15A6A00C63C2F /* Main.storyboard in Resources */,
			);
			runOnlyForDeploymentPostprocessing = 0;
		};
		C6709F9B2BE15A6D00C63C2F /* Resources */ = {
			isa = PBXResourcesBuildPhase;
			buildActionMask = 2147483647;
			files = (
			);
			runOnlyForDeploymentPostprocessing = 0;
		};
		C6709FA52BE15A6D00C63C2F /* Resources */ = {
			isa = PBXResourcesBuildPhase;
			buildActionMask = 2147483647;
			files = (
			);
			runOnlyForDeploymentPostprocessing = 0;
		};
/* End PBXResourcesBuildPhase section */

/* Begin PBXSourcesBuildPhase section */
		C6709F7E2BE15A6A00C63C2F /* Sources */ = {
			isa = PBXSourcesBuildPhase;
			buildActionMask = 2147483647;
			files = (
				C6709F8D2BE15A6A00C63C2F /* ViewController.m in Sources */,
				C6709F872BE15A6A00C63C2F /* AppDelegate.m in Sources */,
				C6709F982BE15A6C00C63C2F /* main.m in Sources */,
				C6709F8A2BE15A6A00C63C2F /* SceneDelegate.m in Sources */,
			);
			runOnlyForDeploymentPostprocessing = 0;
		};
		C6709F992BE15A6D00C63C2F /* Sources */ = {
			isa = PBXSourcesBuildPhase;
			buildActionMask = 2147483647;
			files = (
				C6709FA22BE15A6D00C63C2F /* Test_FileSystemTests.m in Sources */,
			);
			runOnlyForDeploymentPostprocessing = 0;
		};
		C6709FA32BE15A6D00C63C2F /* Sources */ = {
			isa = PBXSourcesBuildPhase;
			buildActionMask = 2147483647;
			files = (
				C6709FAC2BE15A6D00C63C2F /* Test_FileSystemUITests.m in Sources */,
				C6709FAE2BE15A6D00C63C2F /* Test_FileSystemUITestsLaunchTests.m in Sources */,
			);
			runOnlyForDeploymentPostprocessing = 0;
		};
/* End PBXSourcesBuildPhase section */

/* Begin PBXTargetDependency section */
		C6709F9F2BE15A6D00C63C2F /* PBXTargetDependency */ = {
			isa = PBXTargetDependency;
			target = C6709F812BE15A6A00C63C2F /* Test-FileSystem */;
			targetProxy = C6709F9E2BE15A6D00C63C2F /* PBXContainerItemProxy */;
		};
		C6709FA92BE15A6D00C63C2F /* PBXTargetDependency */ = {
			isa = PBXTargetDependency;
			target = C6709F812BE15A6A00C63C2F /* Test-FileSystem */;
			targetProxy = C6709FA82BE15A6D00C63C2F /* PBXContainerItemProxy */;
		};
/* End PBXTargetDependency section */

/* Begin PBXVariantGroup section */
		C6709F8E2BE15A6A00C63C2F /* Main.storyboard */ = {
			isa = PBXVariantGroup;
			children = (
				C6709F8F2BE15A6A00C63C2F /* Base */,
			);
			name = Main.storyboard;
			sourceTree = "<group>";
		};
		C6709F932BE15A6C00C63C2F /* LaunchScreen.storyboard */ = {
			isa = PBXVariantGroup;
			children = (
				C6709F942BE15A6C00C63C2F /* Base */,
			);
			name = LaunchScreen.storyboard;
			sourceTree = "<group>";
		};
/* End PBXVariantGroup section */

/* Begin XCBuildConfiguration section */
		C6709FAF2BE15A6D00C63C2F /* Debug */ = {
			isa = XCBuildConfiguration;
			buildSettings = {
				ALWAYS_SEARCH_USER_PATHS = NO;
				ASSETCATALOG_COMPILER_GENERATE_SWIFT_ASSET_SYMBOL_EXTENSIONS = YES;
				CLANG_ANALYZER_NONNULL = YES;
				CLANG_ANALYZER_NUMBER_OBJECT_CONVERSION = YES_AGGRESSIVE;
				CLANG_CXX_LANGUAGE_STANDARD = "gnu++20";
				CLANG_ENABLE_MODULES = YES;
				CLANG_ENABLE_OBJC_ARC = YES;
				CLANG_ENABLE_OBJC_WEAK = YES;
				CLANG_WARN_BLOCK_CAPTURE_AUTORELEASING = YES;
				CLANG_WARN_BOOL_CONVERSION = YES;
				CLANG_WARN_COMMA = YES;
				CLANG_WARN_CONSTANT_CONVERSION = YES;
				CLANG_WARN_DEPRECATED_OBJC_IMPLEMENTATIONS = YES;
				CLANG_WARN_DIRECT_OBJC_ISA_USAGE = YES_ERROR;
				CLANG_WARN_DOCUMENTATION_COMMENTS = YES;
				CLANG_WARN_EMPTY_BODY = YES;
				CLANG_WARN_ENUM_CONVERSION = YES;
				CLANG_WARN_INFINITE_RECURSION = YES;
				CLANG_WARN_INT_CONVERSION = YES;
				CLANG_WARN_NON_LITERAL_NULL_CONVERSION = YES;
				CLANG_WARN_OBJC_IMPLICIT_RETAIN_SELF = YES;
				CLANG_WARN_OBJC_LITERAL_CONVERSION = YES;
				CLANG_WARN_OBJC_ROOT_CLASS = YES_ERROR;
				CLANG_WARN_QUOTED_INCLUDE_IN_FRAMEWORK_HEADER = YES;
				CLANG_WARN_RANGE_LOOP_ANALYSIS = YES;
				CLANG_WARN_STRICT_PROTOTYPES = YES;
				CLANG_WARN_SUSPICIOUS_MOVE = YES;
				CLANG_WARN_UNGUARDED_AVAILABILITY = YES_AGGRESSIVE;
				CLANG_WARN_UNREACHABLE_CODE = YES;
				CLANG_WARN__DUPLICATE_METHOD_MATCH = YES;
				COPY_PHASE_STRIP = NO;
				DEBUG_INFORMATION_FORMAT = dwarf;
				ENABLE_STRICT_OBJC_MSGSEND = YES;
				ENABLE_TESTABILITY = YES;
				ENABLE_USER_SCRIPT_SANDBOXING = YES;
				GCC_C_LANGUAGE_STANDARD = gnu17;
				GCC_DYNAMIC_NO_PIC = NO;
				GCC_NO_COMMON_BLOCKS = YES;
				GCC_OPTIMIZATION_LEVEL = 0;
				GCC_PREPROCESSOR_DEFINITIONS = (
					"DEBUG=1",
					"$(inherited)",
				);
				GCC_WARN_64_TO_32_BIT_CONVERSION = YES;
				GCC_WARN_ABOUT_RETURN_TYPE = YES_ERROR;
				GCC_WARN_UNDECLARED_SELECTOR = YES;
				GCC_WARN_UNINITIALIZED_AUTOS = YES_AGGRESSIVE;
				GCC_WARN_UNUSED_FUNCTION = YES;
				GCC_WARN_UNUSED_VARIABLE = YES;
				IPHONEOS_DEPLOYMENT_TARGET = 17.2;
				LOCALIZATION_PREFERS_STRING_CATALOGS = YES;
				MTL_ENABLE_DEBUG_INFO = INCLUDE_SOURCE;
				MTL_FAST_MATH = YES;
				ONLY_ACTIVE_ARCH = YES;
				SDKROOT = iphoneos;
			};
			name = Debug;
		};
		C6709FB02BE15A6D00C63C2F /* Release */ = {
			isa = XCBuildConfiguration;
			buildSettings = {
				ALWAYS_SEARCH_USER_PATHS = NO;
				ASSETCATALOG_COMPILER_GENERATE_SWIFT_ASSET_SYMBOL_EXTENSIONS = YES;
				CLANG_ANALYZER_NONNULL = YES;
				CLANG_ANALYZER_NUMBER_OBJECT_CONVERSION = YES_AGGRESSIVE;
				CLANG_CXX_LANGUAGE_STANDARD = "gnu++20";
				CLANG_ENABLE_MODULES = YES;
				CLANG_ENABLE_OBJC_ARC = YES;
				CLANG_ENABLE_OBJC_WEAK = YES;
				CLANG_WARN_BLOCK_CAPTURE_AUTORELEASING = YES;
				CLANG_WARN_BOOL_CONVERSION = YES;
				CLANG_WARN_COMMA = YES;
				CLANG_WARN_CONSTANT_CONVERSION = YES;
				CLANG_WARN_DEPRECATED_OBJC_IMPLEMENTATIONS = YES;
				CLANG_WARN_DIRECT_OBJC_ISA_USAGE = YES_ERROR;
				CLANG_WARN_DOCUMENTATION_COMMENTS = YES;
				CLANG_WARN_EMPTY_BODY = YES;
				CLANG_WARN_ENUM_CONVERSION = YES;
				CLANG_WARN_INFINITE_RECURSION = YES;
				CLANG_WARN_INT_CONVERSION = YES;
				CLANG_WARN_NON_LITERAL_NULL_CONVERSION = YES;
				CLANG_WARN_OBJC_IMPLICIT_RETAIN_SELF = YES;
				CLANG_WARN_OBJC_LITERAL_CONVERSION = YES;
				CLANG_WARN_OBJC_ROOT_CLASS = YES_ERROR;
				CLANG_WARN_QUOTED_INCLUDE_IN_FRAMEWORK_HEADER = YES;
				CLANG_WARN_RANGE_LOOP_ANALYSIS = YES;
				CLANG_WARN_STRICT_PROTOTYPES = YES;
				CLANG_WARN_SUSPICIOUS_MOVE = YES;
				CLANG_WARN_UNGUARDED_AVAILABILITY = YES_AGGRESSIVE;
				CLANG_WARN_UNREACHABLE_CODE = YES;
				CLANG_WARN__DUPLICATE_METHOD_MATCH = YES;
				COPY_PHASE_STRIP = NO;
				DEBUG_INFORMATION_FORMAT = "dwarf-with-dsym";
				ENABLE_NS_ASSERTIONS = NO;
				ENABLE_STRICT_OBJC_MSGSEND = YES;
				ENABLE_USER_SCRIPT_SANDBOXING = YES;
				GCC_C_LANGUAGE_STANDARD = gnu17;
				GCC_NO_COMMON_BLOCKS = YES;
				GCC_WARN_64_TO_32_BIT_CONVERSION = YES;
				GCC_WARN_ABOUT_RETURN_TYPE = YES_ERROR;
				GCC_WARN_UNDECLARED_SELECTOR = YES;
				GCC_WARN_UNINITIALIZED_AUTOS = YES_AGGRESSIVE;
				GCC_WARN_UNUSED_FUNCTION = YES;
				GCC_WARN_UNUSED_VARIABLE = YES;
				IPHONEOS_DEPLOYMENT_TARGET = 17.2;
				LOCALIZATION_PREFERS_STRING_CATALOGS = YES;
				MTL_ENABLE_DEBUG_INFO = NO;
				MTL_FAST_MATH = YES;
				SDKROOT = iphoneos;
				VALIDATE_PRODUCT = YES;
			};
			name = Release;
		};
		C6709FB22BE15A6D00C63C2F /* Debug */ = {
			isa = XCBuildConfiguration;
			buildSettings = {
				ASSETCATALOG_COMPILER_APPICON_NAME = AppIcon;
				ASSETCATALOG_COMPILER_GLOBAL_ACCENT_COLOR_NAME = AccentColor;
				CODE_SIGN_STYLE = Automatic;
				CURRENT_PROJECT_VERSION = 1;
				GENERATE_INFOPLIST_FILE = YES;
				INFOPLIST_FILE = "Test-FileSystem/Info.plist";
				INFOPLIST_KEY_UIApplicationSupportsIndirectInputEvents = YES;
				INFOPLIST_KEY_UILaunchStoryboardName = LaunchScreen;
				INFOPLIST_KEY_UIMainStoryboardFile = Main;
				INFOPLIST_KEY_UISupportedInterfaceOrientations_iPad = "UIInterfaceOrientationPortrait UIInterfaceOrientationPortraitUpsideDown UIInterfaceOrientationLandscapeLeft UIInterfaceOrientationLandscapeRight";
				INFOPLIST_KEY_UISupportedInterfaceOrientations_iPhone = "UIInterfaceOrientationPortrait UIInterfaceOrientationLandscapeLeft UIInterfaceOrientationLandscapeRight";
				LD_RUNPATH_SEARCH_PATHS = (
					"$(inherited)",
					"@executable_path/Frameworks",
				);
				MARKETING_VERSION = 1.0;
				PRODUCT_BUNDLE_IDENTIFIER = "Planitar.Test-FileSystem";
				PRODUCT_NAME = "$(TARGET_NAME)";
				SWIFT_EMIT_LOC_STRINGS = YES;
				TARGETED_DEVICE_FAMILY = "1,2";
			};
			name = Debug;
		};
		C6709FB32BE15A6D00C63C2F /* Release */ = {
			isa = XCBuildConfiguration;
			buildSettings = {
				ASSETCATALOG_COMPILER_APPICON_NAME = AppIcon;
				ASSETCATALOG_COMPILER_GLOBAL_ACCENT_COLOR_NAME = AccentColor;
				CODE_SIGN_STYLE = Automatic;
				CURRENT_PROJECT_VERSION = 1;
				GENERATE_INFOPLIST_FILE = YES;
				INFOPLIST_FILE = "Test-FileSystem/Info.plist";
				INFOPLIST_KEY_UIApplicationSupportsIndirectInputEvents = YES;
				INFOPLIST_KEY_UILaunchStoryboardName = LaunchScreen;
				INFOPLIST_KEY_UIMainStoryboardFile = Main;
				INFOPLIST_KEY_UISupportedInterfaceOrientations_iPad = "UIInterfaceOrientationPortrait UIInterfaceOrientationPortraitUpsideDown UIInterfaceOrientationLandscapeLeft UIInterfaceOrientationLandscapeRight";
				INFOPLIST_KEY_UISupportedInterfaceOrientations_iPhone = "UIInterfaceOrientationPortrait UIInterfaceOrientationLandscapeLeft UIInterfaceOrientationLandscapeRight";
				LD_RUNPATH_SEARCH_PATHS = (
					"$(inherited)",
					"@executable_path/Frameworks",
				);
				MARKETING_VERSION = 1.0;
				PRODUCT_BUNDLE_IDENTIFIER = "Planitar.Test-FileSystem";
				PRODUCT_NAME = "$(TARGET_NAME)";
				SWIFT_EMIT_LOC_STRINGS = YES;
				TARGETED_DEVICE_FAMILY = "1,2";
			};
			name = Release;
		};
		C6709FB52BE15A6D00C63C2F /* Debug */ = {
			isa = XCBuildConfiguration;
			buildSettings = {
				BUNDLE_LOADER = "$(TEST_HOST)";
				CODE_SIGN_STYLE = Automatic;
				CURRENT_PROJECT_VERSION = 1;
				GENERATE_INFOPLIST_FILE = YES;
				IPHONEOS_DEPLOYMENT_TARGET = 17.2;
				MARKETING_VERSION = 1.0;
				PRODUCT_BUNDLE_IDENTIFIER = "Planitar.Test-FileSystemTests";
				PRODUCT_NAME = "$(TARGET_NAME)";
				SWIFT_EMIT_LOC_STRINGS = NO;
				TARGETED_DEVICE_FAMILY = "1,2";
				TEST_HOST = "$(BUILT_PRODUCTS_DIR)/Test-FileSystem.app/$(BUNDLE_EXECUTABLE_FOLDER_PATH)/Test-FileSystem";
			};
			name = Debug;
		};
		C6709FB62BE15A6D00C63C2F /* Release */ = {
			isa = XCBuildConfiguration;
			buildSettings = {
				BUNDLE_LOADER = "$(TEST_HOST)";
				CODE_SIGN_STYLE = Automatic;
				CURRENT_PROJECT_VERSION = 1;
				GENERATE_INFOPLIST_FILE = YES;
				IPHONEOS_DEPLOYMENT_TARGET = 17.2;
				MARKETING_VERSION = 1.0;
				PRODUCT_BUNDLE_IDENTIFIER = "Planitar.Test-FileSystemTests";
				PRODUCT_NAME = "$(TARGET_NAME)";
				SWIFT_EMIT_LOC_STRINGS = NO;
				TARGETED_DEVICE_FAMILY = "1,2";
				TEST_HOST = "$(BUILT_PRODUCTS_DIR)/Test-FileSystem.app/$(BUNDLE_EXECUTABLE_FOLDER_PATH)/Test-FileSystem";
			};
			name = Release;
		};
		C6709FB82BE15A6D00C63C2F /* Debug */ = {
			isa = XCBuildConfiguration;
			buildSettings = {
				CODE_SIGN_STYLE = Automatic;
				CURRENT_PROJECT_VERSION = 1;
				GENERATE_INFOPLIST_FILE = YES;
				MARKETING_VERSION = 1.0;
				PRODUCT_BUNDLE_IDENTIFIER = "Planitar.Test-FileSystemUITests";
				PRODUCT_NAME = "$(TARGET_NAME)";
				SWIFT_EMIT_LOC_STRINGS = NO;
				TARGETED_DEVICE_FAMILY = "1,2";
				TEST_TARGET_NAME = "Test-FileSystem";
			};
			name = Debug;
		};
		C6709FB92BE15A6D00C63C2F /* Release */ = {
			isa = XCBuildConfiguration;
			buildSettings = {
				CODE_SIGN_STYLE = Automatic;
				CURRENT_PROJECT_VERSION = 1;
				GENERATE_INFOPLIST_FILE = YES;
				MARKETING_VERSION = 1.0;
				PRODUCT_BUNDLE_IDENTIFIER = "Planitar.Test-FileSystemUITests";
				PRODUCT_NAME = "$(TARGET_NAME)";
				SWIFT_EMIT_LOC_STRINGS = NO;
				TARGETED_DEVICE_FAMILY = "1,2";
				TEST_TARGET_NAME = "Test-FileSystem";
			};
			name = Release;
		};
/* End XCBuildConfiguration section */

/* Begin XCConfigurationList section */
		C6709F7D2BE15A6A00C63C2F /* Build configuration list for PBXProject "Test-FileSystem" */ = {
			isa = XCConfigurationList;
			buildConfigurations = (
				C6709FAF2BE15A6D00C63C2F /* Debug */,
				C6709FB02BE15A6D00C63C2F /* Release */,
			);
			defaultConfigurationIsVisible = 0;
			defaultConfigurationName = Release;
		};
		C6709FB12BE15A6D00C63C2F /* Build configuration list for PBXNativeTarget "Test-FileSystem" */ = {
			isa = XCConfigurationList;
			buildConfigurations = (
				C6709FB22BE15A6D00C63C2F /* Debug */,
				C6709FB32BE15A6D00C63C2F /* Release */,
			);
			defaultConfigurationIsVisible = 0;
			defaultConfigurationName = Release;
		};
		C6709FB42BE15A6D00C63C2F /* Build configuration list for PBXNativeTarget "Test-FileSystemTests" */ = {
			isa = XCConfigurationList;
			buildConfigurations = (
				C6709FB52BE15A6D00C63C2F /* Debug */,
				C6709FB62BE15A6D00C63C2F /* Release */,
			);
			defaultConfigurationIsVisible = 0;
			defaultConfigurationName = Release;
		};
		C6709FB72BE15A6D00C63C2F /* Build configuration list for PBXNativeTarget "Test-FileSystemUITests" */ = {
			isa = XCConfigurationList;
			buildConfigurations = (
				C6709FB82BE15A6D00C63C2F /* Debug */,
				C6709FB92BE15A6D00C63C2F /* Release */,
			);
			defaultConfigurationIsVisible = 0;
			defaultConfigurationName = Release;
		};
/* End XCConfigurationList section */
	};
	rootObject = C6709F7A2BE15A6A00C63C2F /* Project object */;
}
